
Microsoft Visual Studio Solution File, Format Version 12.00
# Visual Studio Version 16
VisualStudioVersion = 16.0.30611.23
MinimumVisualStudioVersion = 10.0.40219.1
Project("{FAE04EC0-301F-11D3-BF4B-00C04F79EFBC}") = "MajorWebApi", "MajorWebApi\MajorWebApi.csproj", "{88DBEBCD-C5F4-43EE-AB87-730FC685207E}"
EndProject
Project("{FAE04EC0-301F-11D3-BF4B-00C04F79EFBC}") = "LoanDataAccess", "LoanDataAccess\LoanDataAccess.csproj", "{CA26D958-39F3-40BE-ABAF-790A0F1B4469}"
EndProject
Global
	GlobalSection(SolutionConfigurationPlatforms) = preSolution
		Debug|Any CPU = Debug|Any CPU
		Release|Any CPU = Release|Any CPU
	EndGlobalSection
	GlobalSection(ProjectConfigurationPlatforms) = postSolution
		{88DBEBCD-C5F4-43EE-AB87-730FC685207E}.Debug|Any CPU.ActiveCfg = Debug|Any CPU
		{88DBEBCD-C5F4-43EE-AB87-730FC685207E}.Debug|Any CPU.Build.0 = Debug|Any CPU
		{88DBEBCD-C5F4-43EE-AB87-730FC685207E}.Release|Any CPU.ActiveCfg = Release|Any CPU
		{88DBEBCD-C5F4-43EE-AB87-730FC685207E}.Release|Any CPU.Build.0 = Release|Any CPU
		{CA26D958-39F3-40BE-ABAF-790A0F1B4469}.Debug|Any CPU.ActiveCfg = Debug|Any CPU
		{CA26D958-39F3-40BE-ABAF-790A0F1B4469}.Debug|Any CPU.Build.0 = Debug|Any CPU
		{CA26D958-39F3-40BE-ABAF-790A0F1B4469}.Release|Any CPU.ActiveCfg = Release|Any CPU
		{CA26D958-39F3-40BE-ABAF-790A0F1B4469}.Release|Any CPU.Build.0 = Release|Any CPU
	EndGlobalSection
	GlobalSection(SolutionProperties) = preSolution
		HideSolutionNode = FALSE
	EndGlobalSection
	GlobalSection(ExtensibilityGlobals) = postSolution
		SolutionGuid = {0AE76C36-B67A-4F78-87AB-D48849013A59}
	EndGlobalSection
EndGlobal
